<?xml version="1.0" encoding="utf-8"?>
<Project ToolsVersion="4.0" xmlns="http://schemas.microsoft.com/developer/msbuild/2003">
  <ItemGroup>
    <Filter Include="include">
      <UniqueIdentifier>{70af5454-6cbc-4762-9145-9dd7ca39cf58}</UniqueIdentifier>
    </Filter>
    <Filter Include="source">
      <UniqueIdentifier>{233dea96-914c-4932-9053-679c00984c06}</UniqueIdentifier>
    </Filter>
  </ItemGroup>
  <ItemGroup>
    <ClInclude Include="include\Config.h">
      <Filter>include</Filter>
    </ClInclude>
    <ClInclude Include="include\LockFreeRingBuffer.h">
      <Filter>include</Filter>
    </ClInclude>
    <ClInclude Include="include\Utilities.h">
      <Filter>include</Filter>
    </ClInclude>
    <ClInclude Include="include\WinAPI_inline.h">
      <Filter>include</Filter>
    </ClInclude>
  </ItemGroup>
  <ItemGroup>
    <ClCompile Include="source\Main.cpp">
      <Filter>source</Filter>
    </ClCompile>
  </ItemGroup>
</Project>