<?xml version="1.0" encoding="utf-8"?>
<Project ToolsVersion="4.0" xmlns="http://schemas.microsoft.com/developer/msbuild/2003">
  <ItemGroup>
    <ClInclude Include="include\Allocator.h">
      <Filter>include</Filter>
    </ClInclude>
    <ClInclude Include="include\Config.h">
      <Filter>include</Filter>
    </ClInclude>
    <ClInclude Include="include\LockFreeRingBuffer.h">
      <Filter>include</Filter>
    </ClInclude>
  </ItemGroup>
  <ItemGroup>
    <Filter Include="include">
      <UniqueIdentifier>{f7fcfde9-78dc-4744-b2f7-d96123b808a7}</UniqueIdentifier>
    </Filter>
    <Filter Include="unittests">
      <UniqueIdentifier>{76f3bde9-25a1-4392-9a1b-dc94091471dd}</UniqueIdentifier>
    </Filter>
    <Filter Include="gmock">
      <UniqueIdentifier>{c8002d02-a5ff-4267-a529-dd70d02cf533}</UniqueIdentifier>
    </Filter>
    <Filter Include="gtest">
      <UniqueIdentifier>{d23f9c14-285f-4ddf-90f4-5aca71c78d66}</UniqueIdentifier>
    </Filter>
  </ItemGroup>
  <ItemGroup>
    <ClCompile Include="thirdparty\googletest\googletest\src\gtest-all.cc">
      <Filter>gtest</Filter>
    </ClCompile>
    <ClCompile Include="thirdparty\googletest\googlemock\src\gmock-all.cc">
      <Filter>gmock</Filter>
    </ClCompile>
    <ClCompile Include="thirdparty\googletest\googlemock\src\gmock_main.cc">
      <Filter>gmock</Filter>
    </ClCompile>
    <ClCompile Include="unittests\CreateRingbuffer.cpp">
      <Filter>unittests</Filter>
    </ClCompile>
  </ItemGroup>
</Project>