<?xml version="1.0" encoding="utf-8"?>
<Project ToolsVersion="4.0" xmlns="http://schemas.microsoft.com/developer/msbuild/2003">
  <ItemGroup>
    <ClInclude Include="include\Allocator.h">
      <Filter>include</Filter>
    </ClInclude>
    <ClInclude Include="include\Config.h">
      <Filter>include</Filter>
    </ClInclude>
    <ClInclude Include="include\LockFreeRingBuffer.h">
      <Filter>include</Filter>
    </ClInclude>
    <ClInclude Include="unittests\Utility.h">
      <Filter>unittests</Filter>
    </ClInclude>
    <ClInclude Include="helper\pch.h" />
  </ItemGroup>
  <ItemGroup>
    <Filter Include="include">
      <UniqueIdentifier>{f7fcfde9-78dc-4744-b2f7-d96123b808a7}</UniqueIdentifier>
    </Filter>
    <Filter Include="unittests">
      <UniqueIdentifier>{76f3bde9-25a1-4392-9a1b-dc94091471dd}</UniqueIdentifier>
    </Filter>
  </ItemGroup>
  <ItemGroup>
    <ClCompile Include="unittests\CreateRingbuffer.cpp">
      <Filter>unittests</Filter>
    </ClCompile>
    <ClCompile Include="unittests\AllocateBuffer.cpp">
      <Filter>unittests</Filter>
    </ClCompile>
    <ClCompile Include="unittests\Enqueue.cpp">
      <Filter>unittests</Filter>
    </ClCompile>
    <ClCompile Include="unittests\Dequeue.cpp">
      <Filter>unittests</Filter>
    </ClCompile>
    <ClCompile Include="unittests\ComplexTests.cpp">
      <Filter>unittests</Filter>
    </ClCompile>
    <ClCompile Include="unittests\Utility.cpp">
      <Filter>unittests</Filter>
    </ClCompile>
    <ClCompile Include="unittests\EnqueueDequeueOrder1Thread.cpp">
      <Filter>unittests</Filter>
    </ClCompile>
    <ClCompile Include="unittests\EnqueueDequeueOrder2Thread.cpp">
      <Filter>unittests</Filter>
    </ClCompile>
    <ClCompile Include="unittests\EnqueueDequeueOrder3Thread.cpp">
      <Filter>unittests</Filter>
    </ClCompile>
    <ClCompile Include="unittests\EnqueueDequeueOrder4Thread.cpp">
      <Filter>unittests</Filter>
    </ClCompile>
    <ClCompile Include="unittests\StressTest.cpp">
      <Filter>unittests</Filter>
    </ClCompile>
    <ClCompile Include="helper\pch.cpp" />
  </ItemGroup>
</Project>